// !$*UTF8*$!
{
	archiveVersion = 1;
	classes = {
	};
	objectVersion = 60;
	objects = {

/* Begin PBXBuildFile section */
		4933C7DC2BB73EA800722563 /* CodeEditorUIHostApp.swift in Sources */ = {isa = PBXBuildFile; fileRef = 4933C7DB2BB73EA800722563 /* CodeEditorUIHostApp.swift */; };
		4933C7DE2BB73EA800722563 /* ContentView.swift in Sources */ = {isa = PBXBuildFile; fileRef = 4933C7DD2BB73EA800722563 /* ContentView.swift */; };
		4933C7E02BB73EA900722563 /* Assets.xcassets in Resources */ = {isa = PBXBuildFile; fileRef = 4933C7DF2BB73EA900722563 /* Assets.xcassets */; };
		4933C7E32BB73EA900722563 /* Preview Assets.xcassets in Resources */ = {isa = PBXBuildFile; fileRef = 4933C7E22BB73EA900722563 /* Preview Assets.xcassets */; };
		4933C7EB2BB73EC300722563 /* CodeEditorUI in Frameworks */ = {isa = PBXBuildFile; productRef = 4933C7EA2BB73EC300722563 /* CodeEditorUI */; };
		4933C7EE2BB742CA00722563 /* TreeSitter in Frameworks */ = {isa = PBXBuildFile; productRef = 4933C7ED2BB742CA00722563 /* TreeSitter */; };
		4933C8242BBB4EE800722563 /* TreeSitterGDScript in Frameworks */ = {isa = PBXBuildFile; productRef = 4933C8232BBB4EE800722563 /* TreeSitterGDScript */; };
		4933C8262BBB4EE800722563 /* TreeSitterGDScriptQueries in Frameworks */ = {isa = PBXBuildFile; productRef = 4933C8252BBB4EE800722563 /* TreeSitterGDScriptQueries */; };
		4933C8282BBB4EE800722563 /* TreeSitterGDScriptRunestone in Frameworks */ = {isa = PBXBuildFile; productRef = 4933C8272BBB4EE800722563 /* TreeSitterGDScriptRunestone */; };
		4933C82A2BBB4EE800722563 /* TreeSitterJSON in Frameworks */ = {isa = PBXBuildFile; productRef = 4933C8292BBB4EE800722563 /* TreeSitterJSON */; };
		4933C82C2BBB4EE800722563 /* TreeSitterJSON5 in Frameworks */ = {isa = PBXBuildFile; productRef = 4933C82B2BBB4EE800722563 /* TreeSitterJSON5 */; };
		4933C82E2BBB4EE800722563 /* TreeSitterJSON5Queries in Frameworks */ = {isa = PBXBuildFile; productRef = 4933C82D2BBB4EE800722563 /* TreeSitterJSON5Queries */; };
		4933C8302BBB4EE800722563 /* TreeSitterJSON5Runestone in Frameworks */ = {isa = PBXBuildFile; productRef = 4933C82F2BBB4EE800722563 /* TreeSitterJSON5Runestone */; };
		4933C8322BBB4EE800722563 /* TreeSitterJSONQueries in Frameworks */ = {isa = PBXBuildFile; productRef = 4933C8312BBB4EE800722563 /* TreeSitterJSONQueries */; };
		4933C8342BBB4EE800722563 /* TreeSitterJSONRunestone in Frameworks */ = {isa = PBXBuildFile; productRef = 4933C8332BBB4EE800722563 /* TreeSitterJSONRunestone */; };
		4933C8362BBB4EE800722563 /* TreeSitterMarkdown in Frameworks */ = {isa = PBXBuildFile; productRef = 4933C8352BBB4EE800722563 /* TreeSitterMarkdown */; };
		4933C8382BBB4EE800722563 /* TreeSitterMarkdownInline in Frameworks */ = {isa = PBXBuildFile; productRef = 4933C8372BBB4EE800722563 /* TreeSitterMarkdownInline */; };
		4933C83A2BBB4EE800722563 /* TreeSitterMarkdownInlineQueries in Frameworks */ = {isa = PBXBuildFile; productRef = 4933C8392BBB4EE800722563 /* TreeSitterMarkdownInlineQueries */; };
		4933C83C2BBB4EE800722563 /* TreeSitterMarkdownInlineRunestone in Frameworks */ = {isa = PBXBuildFile; productRef = 4933C83B2BBB4EE800722563 /* TreeSitterMarkdownInlineRunestone */; };
		4933C83E2BBB4EE800722563 /* TreeSitterMarkdownQueries in Frameworks */ = {isa = PBXBuildFile; productRef = 4933C83D2BBB4EE800722563 /* TreeSitterMarkdownQueries */; };
		4933C8402BBB4EE800722563 /* TreeSitterMarkdownRunestone in Frameworks */ = {isa = PBXBuildFile; productRef = 4933C83F2BBB4EE800722563 /* TreeSitterMarkdownRunestone */; };
		4933C8432BBCA80C00722563 /* CodeEditorUI in Frameworks */ = {isa = PBXBuildFile; productRef = 4933C8422BBCA80C00722563 /* CodeEditorUI */; };
		49436C832C49889000A921F9 /* utils.notest.gd in Resources */ = {isa = PBXBuildFile; fileRef = 49436C812C49889000A921F9 /* utils.notest.gd */; };
		49436C842C49889000A921F9 /* empty.gd in Resources */ = {isa = PBXBuildFile; fileRef = 49436C822C49889000A921F9 /* empty.gd */; };
/* End PBXBuildFile section */

/* Begin PBXFileReference section */
		4933C7D82BB73EA800722563 /* CodeEditorUIHost.app */ = {isa = PBXFileReference; explicitFileType = wrapper.application; includeInIndex = 0; path = CodeEditorUIHost.app; sourceTree = BUILT_PRODUCTS_DIR; };
		4933C7DB2BB73EA800722563 /* CodeEditorUIHostApp.swift */ = {isa = PBXFileReference; lastKnownFileType = sourcecode.swift; path = CodeEditorUIHostApp.swift; sourceTree = "<group>"; };
		4933C7DD2BB73EA800722563 /* ContentView.swift */ = {isa = PBXFileReference; lastKnownFileType = sourcecode.swift; path = ContentView.swift; sourceTree = "<group>"; };
		4933C7DF2BB73EA900722563 /* Assets.xcassets */ = {isa = PBXFileReference; lastKnownFileType = folder.assetcatalog; path = Assets.xcassets; sourceTree = "<group>"; };
		4933C7E22BB73EA900722563 /* Preview Assets.xcassets */ = {isa = PBXFileReference; lastKnownFileType = folder.assetcatalog; path = "Preview Assets.xcassets"; sourceTree = "<group>"; };
		4933C84C2BBF051500722563 /* RunestoneUI */ = {isa = PBXFileReference; lastKnownFileType = wrapper; name = RunestoneUI; path = ../RunestoneUI; sourceTree = "<group>"; };
		493A3D812BEBEF2200D18CF2 /* Runestone */ = {isa = PBXFileReference; lastKnownFileType = wrapper; name = Runestone; path = ../Runestone; sourceTree = "<group>"; };
		49436C812C49889000A921F9 /* utils.notest.gd */ = {isa = PBXFileReference; fileEncoding = 4; lastKnownFileType = text; path = utils.notest.gd; sourceTree = "<group>"; };
		49436C822C49889000A921F9 /* empty.gd */ = {isa = PBXFileReference; fileEncoding = 4; lastKnownFileType = text; path = empty.gd; sourceTree = "<group>"; };
/* End PBXFileReference section */

/* Begin PBXFrameworksBuildPhase section */
		4933C7D52BB73EA800722563 /* Frameworks */ = {
			isa = PBXFrameworksBuildPhase;
			buildActionMask = 2147483647;
			files = (
				4933C7EB2BB73EC300722563 /* CodeEditorUI in Frameworks */,
				4933C82A2BBB4EE800722563 /* TreeSitterJSON in Frameworks */,
				4933C7EE2BB742CA00722563 /* TreeSitter in Frameworks */,
				4933C8342BBB4EE800722563 /* TreeSitterJSONRunestone in Frameworks */,
				4933C82C2BBB4EE800722563 /* TreeSitterJSON5 in Frameworks */,
				4933C83E2BBB4EE800722563 /* TreeSitterMarkdownQueries in Frameworks */,
				4933C8262BBB4EE800722563 /* TreeSitterGDScriptQueries in Frameworks */,
				4933C8302BBB4EE800722563 /* TreeSitterJSON5Runestone in Frameworks */,
				4933C8402BBB4EE800722563 /* TreeSitterMarkdownRunestone in Frameworks */,
				4933C8242BBB4EE800722563 /* TreeSitterGDScript in Frameworks */,
				4933C83A2BBB4EE800722563 /* TreeSitterMarkdownInlineQueries in Frameworks */,
				4933C83C2BBB4EE800722563 /* TreeSitterMarkdownInlineRunestone in Frameworks */,
				4933C8432BBCA80C00722563 /* CodeEditorUI in Frameworks */,
				4933C8362BBB4EE800722563 /* TreeSitterMarkdown in Frameworks */,
				4933C82E2BBB4EE800722563 /* TreeSitterJSON5Queries in Frameworks */,
				4933C8322BBB4EE800722563 /* TreeSitterJSONQueries in Frameworks */,
				4933C8282BBB4EE800722563 /* TreeSitterGDScriptRunestone in Frameworks */,
				4933C8382BBB4EE800722563 /* TreeSitterMarkdownInline in Frameworks */,
			);
			runOnlyForDeploymentPostprocessing = 0;
		};
/* End PBXFrameworksBuildPhase section */

/* Begin PBXGroup section */
		4933C7CF2BB73EA800722563 = {
			isa = PBXGroup;
			children = (
				4933C7DA2BB73EA800722563 /* CodeEditorUIHost */,
				4933C7D92BB73EA800722563 /* Products */,
				4933C7FB2BB7621400722563 /* Frameworks */,
			);
			sourceTree = "<group>";
		};
		4933C7D92BB73EA800722563 /* Products */ = {
			isa = PBXGroup;
			children = (
				4933C7D82BB73EA800722563 /* CodeEditorUIHost.app */,
			);
			name = Products;
			sourceTree = "<group>";
		};
		4933C7DA2BB73EA800722563 /* CodeEditorUIHost */ = {
			isa = PBXGroup;
			children = (
				49436C802C49886800A921F9 /* Data */,
				4933C7DB2BB73EA800722563 /* CodeEditorUIHostApp.swift */,
				4933C7DD2BB73EA800722563 /* ContentView.swift */,
				4933C7DF2BB73EA900722563 /* Assets.xcassets */,
				4933C7E12BB73EA900722563 /* Preview Content */,
			);
			path = CodeEditorUIHost;
			sourceTree = "<group>";
		};
		4933C7E12BB73EA900722563 /* Preview Content */ = {
			isa = PBXGroup;
			children = (
				4933C7E22BB73EA900722563 /* Preview Assets.xcassets */,
			);
			path = "Preview Content";
			sourceTree = "<group>";
		};
		4933C7FB2BB7621400722563 /* Frameworks */ = {
			isa = PBXGroup;
			children = (
				493A3D812BEBEF2200D18CF2 /* Runestone */,
				4933C84C2BBF051500722563 /* RunestoneUI */,
			);
			name = Frameworks;
			sourceTree = "<group>";
		};
		49436C802C49886800A921F9 /* Data */ = {
			isa = PBXGroup;
			children = (
				49436C822C49889000A921F9 /* empty.gd */,
				49436C812C49889000A921F9 /* utils.notest.gd */,
			);
			path = Data;
			sourceTree = "<group>";
		};
/* End PBXGroup section */

/* Begin PBXNativeTarget section */
		4933C7D72BB73EA800722563 /* CodeEditorUIHost */ = {
			isa = PBXNativeTarget;
			buildConfigurationList = 4933C7E62BB73EA900722563 /* Build configuration list for PBXNativeTarget "CodeEditorUIHost" */;
			buildPhases = (
				4933C7D42BB73EA800722563 /* Sources */,
				4933C7D52BB73EA800722563 /* Frameworks */,
				4933C7D62BB73EA800722563 /* Resources */,
			);
			buildRules = (
			);
			dependencies = (
			);
			name = CodeEditorUIHost;
			packageProductDependencies = (
				4933C7EA2BB73EC300722563 /* CodeEditorUI */,
				4933C7ED2BB742CA00722563 /* TreeSitter */,
				4933C8232BBB4EE800722563 /* TreeSitterGDScript */,
				4933C8252BBB4EE800722563 /* TreeSitterGDScriptQueries */,
				4933C8272BBB4EE800722563 /* TreeSitterGDScriptRunestone */,
				4933C8292BBB4EE800722563 /* TreeSitterJSON */,
				4933C82B2BBB4EE800722563 /* TreeSitterJSON5 */,
				4933C82D2BBB4EE800722563 /* TreeSitterJSON5Queries */,
				4933C82F2BBB4EE800722563 /* TreeSitterJSON5Runestone */,
				4933C8312BBB4EE800722563 /* TreeSitterJSONQueries */,
				4933C8332BBB4EE800722563 /* TreeSitterJSONRunestone */,
				4933C8352BBB4EE800722563 /* TreeSitterMarkdown */,
				4933C8372BBB4EE800722563 /* TreeSitterMarkdownInline */,
				4933C8392BBB4EE800722563 /* TreeSitterMarkdownInlineQueries */,
				4933C83B2BBB4EE800722563 /* TreeSitterMarkdownInlineRunestone */,
				4933C83D2BBB4EE800722563 /* TreeSitterMarkdownQueries */,
				4933C83F2BBB4EE800722563 /* TreeSitterMarkdownRunestone */,
				4933C8422BBCA80C00722563 /* CodeEditorUI */,
			);
			productName = CodeEditorUIHost;
			productReference = 4933C7D82BB73EA800722563 /* CodeEditorUIHost.app */;
			productType = "com.apple.product-type.application";
		};
/* End PBXNativeTarget section */

/* Begin PBXProject section */
		4933C7D02BB73EA800722563 /* Project object */ = {
			isa = PBXProject;
			attributes = {
				BuildIndependentTargetsInParallel = 1;
				LastSwiftUpdateCheck = 1530;
				LastUpgradeCheck = 1530;
				TargetAttributes = {
					4933C7D72BB73EA800722563 = {
						CreatedOnToolsVersion = 15.3;
					};
				};
			};
			buildConfigurationList = 4933C7D32BB73EA800722563 /* Build configuration list for PBXProject "CodeEditorUIHost" */;
			compatibilityVersion = "Xcode 14.0";
			developmentRegion = en;
			hasScannedForEncodings = 0;
			knownRegions = (
				en,
				Base,
			);
			mainGroup = 4933C7CF2BB73EA800722563;
			packageReferences = (
				4933C7EC2BB742CA00722563 /* XCRemoteSwiftPackageReference "tree-sitter" */,
				4933C8222BBB4EE800722563 /* XCRemoteSwiftPackageReference "MiniTreeSitterLanguages" */,
				4933C8412BBCA80C00722563 /* XCLocalSwiftPackageReference "../CodeEditorUI" */,
			);
			productRefGroup = 4933C7D92BB73EA800722563 /* Products */;
			projectDirPath = "";
			projectRoot = "";
			targets = (
				4933C7D72BB73EA800722563 /* CodeEditorUIHost */,
			);
		};
/* End PBXProject section */

/* Begin PBXResourcesBuildPhase section */
		4933C7D62BB73EA800722563 /* Resources */ = {
			isa = PBXResourcesBuildPhase;
			buildActionMask = 2147483647;
			files = (
				49436C842C49889000A921F9 /* empty.gd in Resources */,
				4933C7E32BB73EA900722563 /* Preview Assets.xcassets in Resources */,
				49436C832C49889000A921F9 /* utils.notest.gd in Resources */,
				4933C7E02BB73EA900722563 /* Assets.xcassets in Resources */,
			);
			runOnlyForDeploymentPostprocessing = 0;
		};
/* End PBXResourcesBuildPhase section */

/* Begin PBXSourcesBuildPhase section */
		4933C7D42BB73EA800722563 /* Sources */ = {
			isa = PBXSourcesBuildPhase;
			buildActionMask = 2147483647;
			files = (
				4933C7DE2BB73EA800722563 /* ContentView.swift in Sources */,
				4933C7DC2BB73EA800722563 /* CodeEditorUIHostApp.swift in Sources */,
			);
			runOnlyForDeploymentPostprocessing = 0;
		};
/* End PBXSourcesBuildPhase section */

/* Begin XCBuildConfiguration section */
		4933C7E42BB73EA900722563 /* Debug */ = {
			isa = XCBuildConfiguration;
			buildSettings = {
				ALWAYS_SEARCH_USER_PATHS = NO;
				ASSETCATALOG_COMPILER_GENERATE_SWIFT_ASSET_SYMBOL_EXTENSIONS = YES;
				CLANG_ANALYZER_NONNULL = YES;
				CLANG_ANALYZER_NUMBER_OBJECT_CONVERSION = YES_AGGRESSIVE;
				CLANG_CXX_LANGUAGE_STANDARD = "gnu++20";
				CLANG_ENABLE_MODULES = YES;
				CLANG_ENABLE_OBJC_ARC = YES;
				CLANG_ENABLE_OBJC_WEAK = YES;
				CLANG_WARN_BLOCK_CAPTURE_AUTORELEASING = YES;
				CLANG_WARN_BOOL_CONVERSION = YES;
				CLANG_WARN_COMMA = YES;
				CLANG_WARN_CONSTANT_CONVERSION = YES;
				CLANG_WARN_DEPRECATED_OBJC_IMPLEMENTATIONS = YES;
				CLANG_WARN_DIRECT_OBJC_ISA_USAGE = YES_ERROR;
				CLANG_WARN_DOCUMENTATION_COMMENTS = YES;
				CLANG_WARN_EMPTY_BODY = YES;
				CLANG_WARN_ENUM_CONVERSION = YES;
				CLANG_WARN_INFINITE_RECURSION = YES;
				CLANG_WARN_INT_CONVERSION = YES;
				CLANG_WARN_NON_LITERAL_NULL_CONVERSION = YES;
				CLANG_WARN_OBJC_IMPLICIT_RETAIN_SELF = YES;
				CLANG_WARN_OBJC_LITERAL_CONVERSION = YES;
				CLANG_WARN_OBJC_ROOT_CLASS = YES_ERROR;
				CLANG_WARN_QUOTED_INCLUDE_IN_FRAMEWORK_HEADER = YES;
				CLANG_WARN_RANGE_LOOP_ANALYSIS = YES;
				CLANG_WARN_STRICT_PROTOTYPES = YES;
				CLANG_WARN_SUSPICIOUS_MOVE = YES;
				CLANG_WARN_UNGUARDED_AVAILABILITY = YES_AGGRESSIVE;
				CLANG_WARN_UNREACHABLE_CODE = YES;
				CLANG_WARN__DUPLICATE_METHOD_MATCH = YES;
				COPY_PHASE_STRIP = NO;
				DEBUG_INFORMATION_FORMAT = dwarf;
				ENABLE_STRICT_OBJC_MSGSEND = YES;
				ENABLE_TESTABILITY = YES;
				ENABLE_USER_SCRIPT_SANDBOXING = YES;
				GCC_C_LANGUAGE_STANDARD = gnu17;
				GCC_DYNAMIC_NO_PIC = NO;
				GCC_NO_COMMON_BLOCKS = YES;
				GCC_OPTIMIZATION_LEVEL = 0;
				GCC_PREPROCESSOR_DEFINITIONS = (
					"DEBUG=1",
					"$(inherited)",
				);
				GCC_WARN_64_TO_32_BIT_CONVERSION = YES;
				GCC_WARN_ABOUT_RETURN_TYPE = YES_ERROR;
				GCC_WARN_UNDECLARED_SELECTOR = YES;
				GCC_WARN_UNINITIALIZED_AUTOS = YES_AGGRESSIVE;
				GCC_WARN_UNUSED_FUNCTION = YES;
				GCC_WARN_UNUSED_VARIABLE = YES;
				IPHONEOS_DEPLOYMENT_TARGET = 17.4;
				LOCALIZATION_PREFERS_STRING_CATALOGS = YES;
				MTL_ENABLE_DEBUG_INFO = INCLUDE_SOURCE;
				MTL_FAST_MATH = YES;
				ONLY_ACTIVE_ARCH = YES;
				SDKROOT = iphoneos;
				SWIFT_ACTIVE_COMPILATION_CONDITIONS = "DEBUG $(inherited)";
				SWIFT_OPTIMIZATION_LEVEL = "-Onone";
			};
			name = Debug;
		};
		4933C7E52BB73EA900722563 /* Release */ = {
			isa = XCBuildConfiguration;
			buildSettings = {
				ALWAYS_SEARCH_USER_PATHS = NO;
				ASSETCATALOG_COMPILER_GENERATE_SWIFT_ASSET_SYMBOL_EXTENSIONS = YES;
				CLANG_ANALYZER_NONNULL = YES;
				CLANG_ANALYZER_NUMBER_OBJECT_CONVERSION = YES_AGGRESSIVE;
				CLANG_CXX_LANGUAGE_STANDARD = "gnu++20";
				CLANG_ENABLE_MODULES = YES;
				CLANG_ENABLE_OBJC_ARC = YES;
				CLANG_ENABLE_OBJC_WEAK = YES;
				CLANG_WARN_BLOCK_CAPTURE_AUTORELEASING = YES;
				CLANG_WARN_BOOL_CONVERSION = YES;
				CLANG_WARN_COMMA = YES;
				CLANG_WARN_CONSTANT_CONVERSION = YES;
				CLANG_WARN_DEPRECATED_OBJC_IMPLEMENTATIONS = YES;
				CLANG_WARN_DIRECT_OBJC_ISA_USAGE = YES_ERROR;
				CLANG_WARN_DOCUMENTATION_COMMENTS = YES;
				CLANG_WARN_EMPTY_BODY = YES;
				CLANG_WARN_ENUM_CONVERSION = YES;
				CLANG_WARN_INFINITE_RECURSION = YES;
				CLANG_WARN_INT_CONVERSION = YES;
				CLANG_WARN_NON_LITERAL_NULL_CONVERSION = YES;
				CLANG_WARN_OBJC_IMPLICIT_RETAIN_SELF = YES;
				CLANG_WARN_OBJC_LITERAL_CONVERSION = YES;
				CLANG_WARN_OBJC_ROOT_CLASS = YES_ERROR;
				CLANG_WARN_QUOTED_INCLUDE_IN_FRAMEWORK_HEADER = YES;
				CLANG_WARN_RANGE_LOOP_ANALYSIS = YES;
				CLANG_WARN_STRICT_PROTOTYPES = YES;
				CLANG_WARN_SUSPICIOUS_MOVE = YES;
				CLANG_WARN_UNGUARDED_AVAILABILITY = YES_AGGRESSIVE;
				CLANG_WARN_UNREACHABLE_CODE = YES;
				CLANG_WARN__DUPLICATE_METHOD_MATCH = YES;
				COPY_PHASE_STRIP = NO;
				DEBUG_INFORMATION_FORMAT = "dwarf-with-dsym";
				ENABLE_NS_ASSERTIONS = NO;
				ENABLE_STRICT_OBJC_MSGSEND = YES;
				ENABLE_USER_SCRIPT_SANDBOXING = YES;
				GCC_C_LANGUAGE_STANDARD = gnu17;
				GCC_NO_COMMON_BLOCKS = YES;
				GCC_WARN_64_TO_32_BIT_CONVERSION = YES;
				GCC_WARN_ABOUT_RETURN_TYPE = YES_ERROR;
				GCC_WARN_UNDECLARED_SELECTOR = YES;
				GCC_WARN_UNINITIALIZED_AUTOS = YES_AGGRESSIVE;
				GCC_WARN_UNUSED_FUNCTION = YES;
				GCC_WARN_UNUSED_VARIABLE = YES;
				IPHONEOS_DEPLOYMENT_TARGET = 17.4;
				LOCALIZATION_PREFERS_STRING_CATALOGS = YES;
				MTL_ENABLE_DEBUG_INFO = NO;
				MTL_FAST_MATH = YES;
				SDKROOT = iphoneos;
				SWIFT_COMPILATION_MODE = wholemodule;
				VALIDATE_PRODUCT = YES;
			};
			name = Release;
		};
		4933C7E72BB73EA900722563 /* Debug */ = {
			isa = XCBuildConfiguration;
			buildSettings = {
				ASSETCATALOG_COMPILER_APPICON_NAME = AppIcon;
				ASSETCATALOG_COMPILER_GLOBAL_ACCENT_COLOR_NAME = AccentColor;
				CODE_SIGN_STYLE = Automatic;
				CURRENT_PROJECT_VERSION = 1;
				DEVELOPMENT_ASSET_PATHS = "\"CodeEditorUIHost/Preview Content\"";
				DEVELOPMENT_TEAM = YLLAGX2NRU;
				ENABLE_PREVIEWS = YES;
				GENERATE_INFOPLIST_FILE = YES;
				INFOPLIST_KEY_UIApplicationSceneManifest_Generation = YES;
				INFOPLIST_KEY_UIApplicationSupportsIndirectInputEvents = YES;
				INFOPLIST_KEY_UILaunchScreen_Generation = YES;
				INFOPLIST_KEY_UISupportedInterfaceOrientations_iPad = "UIInterfaceOrientationPortrait UIInterfaceOrientationPortraitUpsideDown UIInterfaceOrientationLandscapeLeft UIInterfaceOrientationLandscapeRight";
				INFOPLIST_KEY_UISupportedInterfaceOrientations_iPhone = "UIInterfaceOrientationPortrait UIInterfaceOrientationLandscapeLeft UIInterfaceOrientationLandscapeRight";
				IPHONEOS_DEPLOYMENT_TARGET = 18.6;
				LD_RUNPATH_SEARCH_PATHS = (
					"$(inherited)",
					"@executable_path/Frameworks",
				);
				MARKETING_VERSION = 1.0;
				PRODUCT_BUNDLE_IDENTIFIER = org.tirania.CodeEditorUIHost;
				PRODUCT_NAME = "$(TARGET_NAME)";
				SWIFT_EMIT_LOC_STRINGS = YES;
				SWIFT_VERSION = 5.0;
				TARGETED_DEVICE_FAMILY = "1,2";
			};
			name = Debug;
		};
		4933C7E82BB73EA900722563 /* Release */ = {
			isa = XCBuildConfiguration;
			buildSettings = {
				ASSETCATALOG_COMPILER_APPICON_NAME = AppIcon;
				ASSETCATALOG_COMPILER_GLOBAL_ACCENT_COLOR_NAME = AccentColor;
				CODE_SIGN_STYLE = Automatic;
				CURRENT_PROJECT_VERSION = 1;
				DEVELOPMENT_ASSET_PATHS = "\"CodeEditorUIHost/Preview Content\"";
				DEVELOPMENT_TEAM = YLLAGX2NRU;
				ENABLE_PREVIEWS = YES;
				GENERATE_INFOPLIST_FILE = YES;
				INFOPLIST_KEY_UIApplicationSceneManifest_Generation = YES;
				INFOPLIST_KEY_UIApplicationSupportsIndirectInputEvents = YES;
				INFOPLIST_KEY_UILaunchScreen_Generation = YES;
				INFOPLIST_KEY_UISupportedInterfaceOrientations_iPad = "UIInterfaceOrientationPortrait UIInterfaceOrientationPortraitUpsideDown UIInterfaceOrientationLandscapeLeft UIInterfaceOrientationLandscapeRight";
				INFOPLIST_KEY_UISupportedInterfaceOrientations_iPhone = "UIInterfaceOrientationPortrait UIInterfaceOrientationLandscapeLeft UIInterfaceOrientationLandscapeRight";
				IPHONEOS_DEPLOYMENT_TARGET = 18.6;
				LD_RUNPATH_SEARCH_PATHS = (
					"$(inherited)",
					"@executable_path/Frameworks",
				);
				MARKETING_VERSION = 1.0;
				PRODUCT_BUNDLE_IDENTIFIER = org.tirania.CodeEditorUIHost;
				PRODUCT_NAME = "$(TARGET_NAME)";
				SWIFT_EMIT_LOC_STRINGS = YES;
				SWIFT_VERSION = 5.0;
				TARGETED_DEVICE_FAMILY = "1,2";
			};
			name = Release;
		};
/* End XCBuildConfiguration section */

/* Begin XCConfigurationList section */
		4933C7D32BB73EA800722563 /* Build configuration list for PBXProject "CodeEditorUIHost" */ = {
			isa = XCConfigurationList;
			buildConfigurations = (
				4933C7E42BB73EA900722563 /* Debug */,
				4933C7E52BB73EA900722563 /* Release */,
			);
			defaultConfigurationIsVisible = 0;
			defaultConfigurationName = Release;
		};
		4933C7E62BB73EA900722563 /* Build configuration list for PBXNativeTarget "CodeEditorUIHost" */ = {
			isa = XCConfigurationList;
			buildConfigurations = (
				4933C7E72BB73EA900722563 /* Debug */,
				4933C7E82BB73EA900722563 /* Release */,
			);
			defaultConfigurationIsVisible = 0;
			defaultConfigurationName = Release;
		};
/* End XCConfigurationList section */

/* Begin XCLocalSwiftPackageReference section */
		4933C8412BBCA80C00722563 /* XCLocalSwiftPackageReference "../CodeEditorUI" */ = {
			isa = XCLocalSwiftPackageReference;
			relativePath = ../CodeEditorUI;
		};
/* End XCLocalSwiftPackageReference section */

/* Begin XCRemoteSwiftPackageReference section */
		4933C7EC2BB742CA00722563 /* XCRemoteSwiftPackageReference "tree-sitter" */ = {
			isa = XCRemoteSwiftPackageReference;
			repositoryURL = "https://github.com/tree-sitter/tree-sitter";
			requirement = {
				kind = upToNextMajorVersion;
				minimumVersion = 0.18.0;
			};
		};
		4933C8222BBB4EE800722563 /* XCRemoteSwiftPackageReference "MiniTreeSitterLanguages" */ = {
			isa = XCRemoteSwiftPackageReference;
			repositoryURL = "https://github.com/xibbon/MiniTreeSitterLanguages";
			requirement = {
				branch = main;
				kind = branch;
			};
		};
/* End XCRemoteSwiftPackageReference section */

/* Begin XCSwiftPackageProductDependency section */
		4933C7EA2BB73EC300722563 /* CodeEditorUI */ = {
			isa = XCSwiftPackageProductDependency;
			productName = CodeEditorUI;
		};
		4933C7ED2BB742CA00722563 /* TreeSitter */ = {
			isa = XCSwiftPackageProductDependency;
			package = 4933C7EC2BB742CA00722563 /* XCRemoteSwiftPackageReference "tree-sitter" */;
			productName = TreeSitter;
		};
		4933C8232BBB4EE800722563 /* TreeSitterGDScript */ = {
			isa = XCSwiftPackageProductDependency;
			package = 4933C8222BBB4EE800722563 /* XCRemoteSwiftPackageReference "MiniTreeSitterLanguages" */;
			productName = TreeSitterGDScript;
		};
		4933C8252BBB4EE800722563 /* TreeSitterGDScriptQueries */ = {
			isa = XCSwiftPackageProductDependency;
			package = 4933C8222BBB4EE800722563 /* XCRemoteSwiftPackageReference "MiniTreeSitterLanguages" */;
			productName = TreeSitterGDScriptQueries;
		};
		4933C8272BBB4EE800722563 /* TreeSitterGDScriptRunestone */ = {
			isa = XCSwiftPackageProductDependency;
			package = 4933C8222BBB4EE800722563 /* XCRemoteSwiftPackageReference "MiniTreeSitterLanguages" */;
			productName = TreeSitterGDScriptRunestone;
		};
		4933C8292BBB4EE800722563 /* TreeSitterJSON */ = {
			isa = XCSwiftPackageProductDependency;
			package = 4933C8222BBB4EE800722563 /* XCRemoteSwiftPackageReference "MiniTreeSitterLanguages" */;
			productName = TreeSitterJSON;
		};
		4933C82B2BBB4EE800722563 /* TreeSitterJSON5 */ = {
			isa = XCSwiftPackageProductDependency;
			package = 4933C8222BBB4EE800722563 /* XCRemoteSwiftPackageReference "MiniTreeSitterLanguages" */;
			productName = TreeSitterJSON5;
		};
		4933C82D2BBB4EE800722563 /* TreeSitterJSON5Queries */ = {
			isa = XCSwiftPackageProductDependency;
			package = 4933C8222BBB4EE800722563 /* XCRemoteSwiftPackageReference "MiniTreeSitterLanguages" */;
			productName = TreeSitterJSON5Queries;
		};
		4933C82F2BBB4EE800722563 /* TreeSitterJSON5Runestone */ = {
			isa = XCSwiftPackageProductDependency;
			package = 4933C8222BBB4EE800722563 /* XCRemoteSwiftPackageReference "MiniTreeSitterLanguages" */;
			productName = TreeSitterJSON5Runestone;
		};
		4933C8312BBB4EE800722563 /* TreeSitterJSONQueries */ = {
			isa = XCSwiftPackageProductDependency;
			package = 4933C8222BBB4EE800722563 /* XCRemoteSwiftPackageReference "MiniTreeSitterLanguages" */;
			productName = TreeSitterJSONQueries;
		};
		4933C8332BBB4EE800722563 /* TreeSitterJSONRunestone */ = {
			isa = XCSwiftPackageProductDependency;
			package = 4933C8222BBB4EE800722563 /* XCRemoteSwiftPackageReference "MiniTreeSitterLanguages" */;
			productName = TreeSitterJSONRunestone;
		};
		4933C8352BBB4EE800722563 /* TreeSitterMarkdown */ = {
			isa = XCSwiftPackageProductDependency;
			package = 4933C8222BBB4EE800722563 /* XCRemoteSwiftPackageReference "MiniTreeSitterLanguages" */;
			productName = TreeSitterMarkdown;
		};
		4933C8372BBB4EE800722563 /* TreeSitterMarkdownInline */ = {
			isa = XCSwiftPackageProductDependency;
			package = 4933C8222BBB4EE800722563 /* XCRemoteSwiftPackageReference "MiniTreeSitterLanguages" */;
			productName = TreeSitterMarkdownInline;
		};
		4933C8392BBB4EE800722563 /* TreeSitterMarkdownInlineQueries */ = {
			isa = XCSwiftPackageProductDependency;
			package = 4933C8222BBB4EE800722563 /* XCRemoteSwiftPackageReference "MiniTreeSitterLanguages" */;
			productName = TreeSitterMarkdownInlineQueries;
		};
		4933C83B2BBB4EE800722563 /* TreeSitterMarkdownInlineRunestone */ = {
			isa = XCSwiftPackageProductDependency;
			package = 4933C8222BBB4EE800722563 /* XCRemoteSwiftPackageReference "MiniTreeSitterLanguages" */;
			productName = TreeSitterMarkdownInlineRunestone;
		};
		4933C83D2BBB4EE800722563 /* TreeSitterMarkdownQueries */ = {
			isa = XCSwiftPackageProductDependency;
			package = 4933C8222BBB4EE800722563 /* XCRemoteSwiftPackageReference "MiniTreeSitterLanguages" */;
			productName = TreeSitterMarkdownQueries;
		};
		4933C83F2BBB4EE800722563 /* TreeSitterMarkdownRunestone */ = {
			isa = XCSwiftPackageProductDependency;
			package = 4933C8222BBB4EE800722563 /* XCRemoteSwiftPackageReference "MiniTreeSitterLanguages" */;
			productName = TreeSitterMarkdownRunestone;
		};
		4933C8422BBCA80C00722563 /* CodeEditorUI */ = {
			isa = XCSwiftPackageProductDependency;
			productName = CodeEditorUI;
		};
/* End XCSwiftPackageProductDependency section */
	};
	rootObject = 4933C7D02BB73EA800722563 /* Project object */;
}
